// !$*UTF8*$!
{
	archiveVersion = 1;
	classes = {
	};
	objectVersion = 50;
	objects = {

/* Begin PBXBuildFile section */
		45DE529824D99DAC00FEBC4B /* AppDelegate.swift in Sources */ = {isa = PBXBuildFile; fileRef = 45DE529724D99DAC00FEBC4B /* AppDelegate.swift */; };
		45DE529A24D99DAC00FEBC4B /* SceneDelegate.swift in Sources */ = {isa = PBXBuildFile; fileRef = 45DE529924D99DAC00FEBC4B /* SceneDelegate.swift */; };
		45DE529C24D99DAC00FEBC4B /* CatsViewController.swift in Sources */ = {isa = PBXBuildFile; fileRef = 45DE529B24D99DAC00FEBC4B /* CatsViewController.swift */; };
		45DE529F24D99DAC00FEBC4B /* Main.storyboard in Resources */ = {isa = PBXBuildFile; fileRef = 45DE529D24D99DAC00FEBC4B /* Main.storyboard */; };
		45DE52A124D99DAE00FEBC4B /* Assets.xcassets in Resources */ = {isa = PBXBuildFile; fileRef = 45DE52A024D99DAE00FEBC4B /* Assets.xcassets */; };
		45DE52A424D99DAE00FEBC4B /* LaunchScreen.storyboard in Resources */ = {isa = PBXBuildFile; fileRef = 45DE52A224D99DAE00FEBC4B /* LaunchScreen.storyboard */; };
		45DE52AF24D99DAE00FEBC4B /* CatTests.swift in Sources */ = {isa = PBXBuildFile; fileRef = 45DE52AE24D99DAE00FEBC4B /* CatTests.swift */; };
		45DE52BA24D99DAE00FEBC4B /* CatUITests.swift in Sources */ = {isa = PBXBuildFile; fileRef = 45DE52B924D99DAE00FEBC4B /* CatUITests.swift */; };
		45DE52C924D99E7700FEBC4B /* Storyboard.swift in Sources */ = {isa = PBXBuildFile; fileRef = 45DE52C824D99E7700FEBC4B /* Storyboard.swift */; };
		45DE52CC24D99F1E00FEBC4B /* MainCoordinator.swift in Sources */ = {isa = PBXBuildFile; fileRef = 45DE52CB24D99F1E00FEBC4B /* MainCoordinator.swift */; };
		45DE52CE24D9A1AE00FEBC4B /* FavouritesViewController.swift in Sources */ = {isa = PBXBuildFile; fileRef = 45DE52CD24D9A1AE00FEBC4B /* FavouritesViewController.swift */; };
/* End PBXBuildFile section */

/* Begin PBXContainerItemProxy section */
		45DE52AB24D99DAE00FEBC4B /* PBXContainerItemProxy */ = {
			isa = PBXContainerItemProxy;
			containerPortal = 45DE528C24D99DAC00FEBC4B /* Project object */;
			proxyType = 1;
			remoteGlobalIDString = 45DE529324D99DAC00FEBC4B;
			remoteInfo = Cat;
		};
		45DE52B624D99DAE00FEBC4B /* PBXContainerItemProxy */ = {
			isa = PBXContainerItemProxy;
			containerPortal = 45DE528C24D99DAC00FEBC4B /* Project object */;
			proxyType = 1;
			remoteGlobalIDString = 45DE529324D99DAC00FEBC4B;
			remoteInfo = Cat;
		};
/* End PBXContainerItemProxy section */

/* Begin PBXFileReference section */
		45DE529424D99DAC00FEBC4B /* Cat.app */ = {isa = PBXFileReference; explicitFileType = wrapper.application; includeInIndex = 0; path = Cat.app; sourceTree = BUILT_PRODUCTS_DIR; };
		45DE529724D99DAC00FEBC4B /* AppDelegate.swift */ = {isa = PBXFileReference; lastKnownFileType = sourcecode.swift; path = AppDelegate.swift; sourceTree = "<group>"; };
		45DE529924D99DAC00FEBC4B /* SceneDelegate.swift */ = {isa = PBXFileReference; lastKnownFileType = sourcecode.swift; path = SceneDelegate.swift; sourceTree = "<group>"; };
		45DE529B24D99DAC00FEBC4B /* CatsViewController.swift */ = {isa = PBXFileReference; lastKnownFileType = sourcecode.swift; path = CatsViewController.swift; sourceTree = "<group>"; };
		45DE529E24D99DAC00FEBC4B /* Base */ = {isa = PBXFileReference; lastKnownFileType = file.storyboard; name = Base; path = Base.lproj/Main.storyboard; sourceTree = "<group>"; };
		45DE52A024D99DAE00FEBC4B /* Assets.xcassets */ = {isa = PBXFileReference; lastKnownFileType = folder.assetcatalog; path = Assets.xcassets; sourceTree = "<group>"; };
		45DE52A324D99DAE00FEBC4B /* Base */ = {isa = PBXFileReference; lastKnownFileType = file.storyboard; name = Base; path = Base.lproj/LaunchScreen.storyboard; sourceTree = "<group>"; };
		45DE52A524D99DAE00FEBC4B /* Info.plist */ = {isa = PBXFileReference; lastKnownFileType = text.plist.xml; path = Info.plist; sourceTree = "<group>"; };
		45DE52AA24D99DAE00FEBC4B /* CatTests.xctest */ = {isa = PBXFileReference; explicitFileType = wrapper.cfbundle; includeInIndex = 0; path = CatTests.xctest; sourceTree = BUILT_PRODUCTS_DIR; };
		45DE52AE24D99DAE00FEBC4B /* CatTests.swift */ = {isa = PBXFileReference; lastKnownFileType = sourcecode.swift; path = CatTests.swift; sourceTree = "<group>"; };
		45DE52B024D99DAE00FEBC4B /* Info.plist */ = {isa = PBXFileReference; lastKnownFileType = text.plist.xml; path = Info.plist; sourceTree = "<group>"; };
		45DE52B524D99DAE00FEBC4B /* CatUITests.xctest */ = {isa = PBXFileReference; explicitFileType = wrapper.cfbundle; includeInIndex = 0; path = CatUITests.xctest; sourceTree = BUILT_PRODUCTS_DIR; };
		45DE52B924D99DAE00FEBC4B /* CatUITests.swift */ = {isa = PBXFileReference; lastKnownFileType = sourcecode.swift; path = CatUITests.swift; sourceTree = "<group>"; };
		45DE52BB24D99DAE00FEBC4B /* Info.plist */ = {isa = PBXFileReference; lastKnownFileType = text.plist.xml; path = Info.plist; sourceTree = "<group>"; };
		45DE52C824D99E7700FEBC4B /* Storyboard.swift */ = {isa = PBXFileReference; fileEncoding = 4; lastKnownFileType = sourcecode.swift; path = Storyboard.swift; sourceTree = "<group>"; };
		45DE52CB24D99F1E00FEBC4B /* MainCoordinator.swift */ = {isa = PBXFileReference; lastKnownFileType = sourcecode.swift; path = MainCoordinator.swift; sourceTree = "<group>"; };
		45DE52CD24D9A1AE00FEBC4B /* FavouritesViewController.swift */ = {isa = PBXFileReference; lastKnownFileType = sourcecode.swift; path = FavouritesViewController.swift; sourceTree = "<group>"; };
/* End PBXFileReference section */

/* Begin PBXFrameworksBuildPhase section */
		45DE529124D99DAC00FEBC4B /* Frameworks */ = {
			isa = PBXFrameworksBuildPhase;
			buildActionMask = 2147483647;
			files = (
			);
			runOnlyForDeploymentPostprocessing = 0;
		};
		45DE52A724D99DAE00FEBC4B /* Frameworks */ = {
			isa = PBXFrameworksBuildPhase;
			buildActionMask = 2147483647;
			files = (
			);
			runOnlyForDeploymentPostprocessing = 0;
		};
		45DE52B224D99DAE00FEBC4B /* Frameworks */ = {
			isa = PBXFrameworksBuildPhase;
			buildActionMask = 2147483647;
			files = (
			);
			runOnlyForDeploymentPostprocessing = 0;
		};
/* End PBXFrameworksBuildPhase section */

/* Begin PBXGroup section */
		45DE528B24D99DAC00FEBC4B = {
			isa = PBXGroup;
			children = (
				45DE529624D99DAC00FEBC4B /* Cat */,
				45DE52AD24D99DAE00FEBC4B /* CatTests */,
				45DE52B824D99DAE00FEBC4B /* CatUITests */,
				45DE529524D99DAC00FEBC4B /* Products */,
			);
			sourceTree = "<group>";
		};
		45DE529524D99DAC00FEBC4B /* Products */ = {
			isa = PBXGroup;
			children = (
				45DE529424D99DAC00FEBC4B /* Cat.app */,
				45DE52AA24D99DAE00FEBC4B /* CatTests.xctest */,
				45DE52B524D99DAE00FEBC4B /* CatUITests.xctest */,
			);
			name = Products;
			sourceTree = "<group>";
		};
		45DE529624D99DAC00FEBC4B /* Cat */ = {
			isa = PBXGroup;
			children = (
				45DE52CF24D9A1BD00FEBC4B /* Scenes */,
				45DE52CA24D99EFD00FEBC4B /* Coordinators */,
				45DE52C724D99E7700FEBC4B /* Extenstions */,
				45DE529724D99DAC00FEBC4B /* AppDelegate.swift */,
				45DE529924D99DAC00FEBC4B /* SceneDelegate.swift */,
				45DE529D24D99DAC00FEBC4B /* Main.storyboard */,
				45DE52A024D99DAE00FEBC4B /* Assets.xcassets */,
				45DE52A224D99DAE00FEBC4B /* LaunchScreen.storyboard */,
				45DE52A524D99DAE00FEBC4B /* Info.plist */,
			);
			path = Cat;
			sourceTree = "<group>";
		};
		45DE52AD24D99DAE00FEBC4B /* CatTests */ = {
			isa = PBXGroup;
			children = (
				45DE52AE24D99DAE00FEBC4B /* CatTests.swift */,
				45DE52B024D99DAE00FEBC4B /* Info.plist */,
			);
			path = CatTests;
			sourceTree = "<group>";
		};
		45DE52B824D99DAE00FEBC4B /* CatUITests */ = {
			isa = PBXGroup;
			children = (
				45DE52B924D99DAE00FEBC4B /* CatUITests.swift */,
				45DE52BB24D99DAE00FEBC4B /* Info.plist */,
			);
			path = CatUITests;
			sourceTree = "<group>";
		};
		45DE52C724D99E7700FEBC4B /* Extenstions */ = {
			isa = PBXGroup;
			children = (
				45DE52C824D99E7700FEBC4B /* Storyboard.swift */,
			);
			path = Extenstions;
			sourceTree = "<group>";
		};
		45DE52CA24D99EFD00FEBC4B /* Coordinators */ = {
			isa = PBXGroup;
			children = (
				45DE52CB24D99F1E00FEBC4B /* MainCoordinator.swift */,
			);
			path = Coordinators;
			sourceTree = "<group>";
		};
		45DE52CF24D9A1BD00FEBC4B /* Scenes */ = {
			isa = PBXGroup;
			children = (
				45DE52D124D9A1DB00FEBC4B /*  Favourites */,
				45DE52D024D9A1C700FEBC4B /* CatListing */,
			);
			path = Scenes;
			sourceTree = "<group>";
		};
		45DE52D024D9A1C700FEBC4B /* CatListing */ = {
			isa = PBXGroup;
			children = (
				45DE529B24D99DAC00FEBC4B /* CatsViewController.swift */,
			);
			path = CatListing;
			sourceTree = "<group>";
		};
		45DE52D124D9A1DB00FEBC4B /*  Favourites */ = {
			isa = PBXGroup;
			children = (
				45DE52CD24D9A1AE00FEBC4B /* FavouritesViewController.swift */,
			);
			path = " Favourites";
			sourceTree = "<group>";
		};
/* End PBXGroup section */

/* Begin PBXNativeTarget section */
		45DE529324D99DAC00FEBC4B /* Cat */ = {
			isa = PBXNativeTarget;
			buildConfigurationList = 45DE52BE24D99DAE00FEBC4B /* Build configuration list for PBXNativeTarget "Cat" */;
			buildPhases = (
				45DE529024D99DAC00FEBC4B /* Sources */,
				45DE529124D99DAC00FEBC4B /* Frameworks */,
				45DE529224D99DAC00FEBC4B /* Resources */,
			);
			buildRules = (
			);
			dependencies = (
			);
			name = Cat;
			productName = Cat;
			productReference = 45DE529424D99DAC00FEBC4B /* Cat.app */;
			productType = "com.apple.product-type.application";
		};
		45DE52A924D99DAE00FEBC4B /* CatTests */ = {
			isa = PBXNativeTarget;
			buildConfigurationList = 45DE52C124D99DAE00FEBC4B /* Build configuration list for PBXNativeTarget "CatTests" */;
			buildPhases = (
				45DE52A624D99DAE00FEBC4B /* Sources */,
				45DE52A724D99DAE00FEBC4B /* Frameworks */,
				45DE52A824D99DAE00FEBC4B /* Resources */,
			);
			buildRules = (
			);
			dependencies = (
				45DE52AC24D99DAE00FEBC4B /* PBXTargetDependency */,
			);
			name = CatTests;
			productName = CatTests;
			productReference = 45DE52AA24D99DAE00FEBC4B /* CatTests.xctest */;
			productType = "com.apple.product-type.bundle.unit-test";
		};
		45DE52B424D99DAE00FEBC4B /* CatUITests */ = {
			isa = PBXNativeTarget;
			buildConfigurationList = 45DE52C424D99DAE00FEBC4B /* Build configuration list for PBXNativeTarget "CatUITests" */;
			buildPhases = (
				45DE52B124D99DAE00FEBC4B /* Sources */,
				45DE52B224D99DAE00FEBC4B /* Frameworks */,
				45DE52B324D99DAE00FEBC4B /* Resources */,
			);
			buildRules = (
			);
			dependencies = (
				45DE52B724D99DAE00FEBC4B /* PBXTargetDependency */,
			);
			name = CatUITests;
			productName = CatUITests;
			productReference = 45DE52B524D99DAE00FEBC4B /* CatUITests.xctest */;
			productType = "com.apple.product-type.bundle.ui-testing";
		};
/* End PBXNativeTarget section */

/* Begin PBXProject section */
		45DE528C24D99DAC00FEBC4B /* Project object */ = {
			isa = PBXProject;
			attributes = {
				LastSwiftUpdateCheck = 1130;
				LastUpgradeCheck = 1130;
				ORGANIZATIONNAME = "Deekshith Bellare";
				TargetAttributes = {
					45DE529324D99DAC00FEBC4B = {
						CreatedOnToolsVersion = 11.3.1;
					};
					45DE52A924D99DAE00FEBC4B = {
						CreatedOnToolsVersion = 11.3.1;
						TestTargetID = 45DE529324D99DAC00FEBC4B;
					};
					45DE52B424D99DAE00FEBC4B = {
						CreatedOnToolsVersion = 11.3.1;
						TestTargetID = 45DE529324D99DAC00FEBC4B;
					};
				};
			};
			buildConfigurationList = 45DE528F24D99DAC00FEBC4B /* Build configuration list for PBXProject "Cat" */;
			compatibilityVersion = "Xcode 9.3";
			developmentRegion = en;
			hasScannedForEncodings = 0;
			knownRegions = (
				en,
				Base,
			);
			mainGroup = 45DE528B24D99DAC00FEBC4B;
			productRefGroup = 45DE529524D99DAC00FEBC4B /* Products */;
			projectDirPath = "";
			projectRoot = "";
			targets = (
				45DE529324D99DAC00FEBC4B /* Cat */,
				45DE52A924D99DAE00FEBC4B /* CatTests */,
				45DE52B424D99DAE00FEBC4B /* CatUITests */,
			);
		};
/* End PBXProject section */

/* Begin PBXResourcesBuildPhase section */
		45DE529224D99DAC00FEBC4B /* Resources */ = {
			isa = PBXResourcesBuildPhase;
			buildActionMask = 2147483647;
			files = (
				45DE52A424D99DAE00FEBC4B /* LaunchScreen.storyboard in Resources */,
				45DE52A124D99DAE00FEBC4B /* Assets.xcassets in Resources */,
				45DE529F24D99DAC00FEBC4B /* Main.storyboard in Resources */,
			);
			runOnlyForDeploymentPostprocessing = 0;
		};
		45DE52A824D99DAE00FEBC4B /* Resources */ = {
			isa = PBXResourcesBuildPhase;
			buildActionMask = 2147483647;
			files = (
			);
			runOnlyForDeploymentPostprocessing = 0;
		};
		45DE52B324D99DAE00FEBC4B /* Resources */ = {
			isa = PBXResourcesBuildPhase;
			buildActionMask = 2147483647;
			files = (
			);
			runOnlyForDeploymentPostprocessing = 0;
		};
/* End PBXResourcesBuildPhase section */

/* Begin PBXSourcesBuildPhase section */
		45DE529024D99DAC00FEBC4B /* Sources */ = {
			isa = PBXSourcesBuildPhase;
			buildActionMask = 2147483647;
			files = (
				45DE52CE24D9A1AE00FEBC4B /* FavouritesViewController.swift in Sources */,
				45DE52C924D99E7700FEBC4B /* Storyboard.swift in Sources */,
				45DE529C24D99DAC00FEBC4B /* CatsViewController.swift in Sources */,
				45DE529824D99DAC00FEBC4B /* AppDelegate.swift in Sources */,
				45DE52CC24D99F1E00FEBC4B /* MainCoordinator.swift in Sources */,
				45DE529A24D99DAC00FEBC4B /* SceneDelegate.swift in Sources */,
			);
			runOnlyForDeploymentPostprocessing = 0;
		};
		45DE52A624D99DAE00FEBC4B /* Sources */ = {
			isa = PBXSourcesBuildPhase;
			buildActionMask = 2147483647;
			files = (
				45DE52AF24D99DAE00FEBC4B /* CatTests.swift in Sources */,
			);
			runOnlyForDeploymentPostprocessing = 0;
		};
		45DE52B124D99DAE00FEBC4B /* Sources */ = {
			isa = PBXSourcesBuildPhase;
			buildActionMask = 2147483647;
			files = (
				45DE52BA24D99DAE00FEBC4B /* CatUITests.swift in Sources */,
			);
			runOnlyForDeploymentPostprocessing = 0;
		};
/* End PBXSourcesBuildPhase section */

/* Begin PBXTargetDependency section */
		45DE52AC24D99DAE00FEBC4B /* PBXTargetDependency */ = {
			isa = PBXTargetDependency;
			target = 45DE529324D99DAC00FEBC4B /* Cat */;
			targetProxy = 45DE52AB24D99DAE00FEBC4B /* PBXContainerItemProxy */;
		};
		45DE52B724D99DAE00FEBC4B /* PBXTargetDependency */ = {
			isa = PBXTargetDependency;
			target = 45DE529324D99DAC00FEBC4B /* Cat */;
			targetProxy = 45DE52B624D99DAE00FEBC4B /* PBXContainerItemProxy */;
		};
/* End PBXTargetDependency section */

/* Begin PBXVariantGroup section */
		45DE529D24D99DAC00FEBC4B /* Main.storyboard */ = {
			isa = PBXVariantGroup;
			children = (
				45DE529E24D99DAC00FEBC4B /* Base */,
			);
			name = Main.storyboard;
			sourceTree = "<group>";
		};
		45DE52A224D99DAE00FEBC4B /* LaunchScreen.storyboard */ = {
			isa = PBXVariantGroup;
			children = (
				45DE52A324D99DAE00FEBC4B /* Base */,
			);
			name = LaunchScreen.storyboard;
			sourceTree = "<group>";
		};
/* End PBXVariantGroup section */

/* Begin XCBuildConfiguration section */
		45DE52BC24D99DAE00FEBC4B /* Debug */ = {
			isa = XCBuildConfiguration;
			buildSettings = {
				ALWAYS_SEARCH_USER_PATHS = NO;
				CLANG_ANALYZER_NONNULL = YES;
				CLANG_ANALYZER_NUMBER_OBJECT_CONVERSION = YES_AGGRESSIVE;
				CLANG_CXX_LANGUAGE_STANDARD = "gnu++14";
				CLANG_CXX_LIBRARY = "libc++";
				CLANG_ENABLE_MODULES = YES;
				CLANG_ENABLE_OBJC_ARC = YES;
				CLANG_ENABLE_OBJC_WEAK = YES;
				CLANG_WARN_BLOCK_CAPTURE_AUTORELEASING = YES;
				CLANG_WARN_BOOL_CONVERSION = YES;
				CLANG_WARN_COMMA = YES;
				CLANG_WARN_CONSTANT_CONVERSION = YES;
				CLANG_WARN_DEPRECATED_OBJC_IMPLEMENTATIONS = YES;
				CLANG_WARN_DIRECT_OBJC_ISA_USAGE = YES_ERROR;
				CLANG_WARN_DOCUMENTATION_COMMENTS = YES;
				CLANG_WARN_EMPTY_BODY = YES;
				CLANG_WARN_ENUM_CONVERSION = YES;
				CLANG_WARN_INFINITE_RECURSION = YES;
				CLANG_WARN_INT_CONVERSION = YES;
				CLANG_WARN_NON_LITERAL_NULL_CONVERSION = YES;
				CLANG_WARN_OBJC_IMPLICIT_RETAIN_SELF = YES;
				CLANG_WARN_OBJC_LITERAL_CONVERSION = YES;
				CLANG_WARN_OBJC_ROOT_CLASS = YES_ERROR;
				CLANG_WARN_RANGE_LOOP_ANALYSIS = YES;
				CLANG_WARN_STRICT_PROTOTYPES = YES;
				CLANG_WARN_SUSPICIOUS_MOVE = YES;
				CLANG_WARN_UNGUARDED_AVAILABILITY = YES_AGGRESSIVE;
				CLANG_WARN_UNREACHABLE_CODE = YES;
				CLANG_WARN__DUPLICATE_METHOD_MATCH = YES;
				COPY_PHASE_STRIP = NO;
				DEBUG_INFORMATION_FORMAT = dwarf;
				ENABLE_STRICT_OBJC_MSGSEND = YES;
				ENABLE_TESTABILITY = YES;
				GCC_C_LANGUAGE_STANDARD = gnu11;
				GCC_DYNAMIC_NO_PIC = NO;
				GCC_NO_COMMON_BLOCKS = YES;
				GCC_OPTIMIZATION_LEVEL = 0;
				GCC_PREPROCESSOR_DEFINITIONS = (
					"DEBUG=1",
					"$(inherited)",
				);
				GCC_WARN_64_TO_32_BIT_CONVERSION = YES;
				GCC_WARN_ABOUT_RETURN_TYPE = YES_ERROR;
				GCC_WARN_UNDECLARED_SELECTOR = YES;
				GCC_WARN_UNINITIALIZED_AUTOS = YES_AGGRESSIVE;
				GCC_WARN_UNUSED_FUNCTION = YES;
				GCC_WARN_UNUSED_VARIABLE = YES;
				IPHONEOS_DEPLOYMENT_TARGET = 13.2;
				MTL_ENABLE_DEBUG_INFO = INCLUDE_SOURCE;
				MTL_FAST_MATH = YES;
				ONLY_ACTIVE_ARCH = YES;
				SDKROOT = iphoneos;
				SWIFT_ACTIVE_COMPILATION_CONDITIONS = DEBUG;
				SWIFT_OPTIMIZATION_LEVEL = "-Onone";
			};
			name = Debug;
		};
		45DE52BD24D99DAE00FEBC4B /* Release */ = {
			isa = XCBuildConfiguration;
			buildSettings = {
				ALWAYS_SEARCH_USER_PATHS = NO;
				CLANG_ANALYZER_NONNULL = YES;
				CLANG_ANALYZER_NUMBER_OBJECT_CONVERSION = YES_AGGRESSIVE;
				CLANG_CXX_LANGUAGE_STANDARD = "gnu++14";
				CLANG_CXX_LIBRARY = "libc++";
				CLANG_ENABLE_MODULES = YES;
				CLANG_ENABLE_OBJC_ARC = YES;
				CLANG_ENABLE_OBJC_WEAK = YES;
				CLANG_WARN_BLOCK_CAPTURE_AUTORELEASING = YES;
				CLANG_WARN_BOOL_CONVERSION = YES;
				CLANG_WARN_COMMA = YES;
				CLANG_WARN_CONSTANT_CONVERSION = YES;
				CLANG_WARN_DEPRECATED_OBJC_IMPLEMENTATIONS = YES;
				CLANG_WARN_DIRECT_OBJC_ISA_USAGE = YES_ERROR;
				CLANG_WARN_DOCUMENTATION_COMMENTS = YES;
				CLANG_WARN_EMPTY_BODY = YES;
				CLANG_WARN_ENUM_CONVERSION = YES;
				CLANG_WARN_INFINITE_RECURSION = YES;
				CLANG_WARN_INT_CONVERSION = YES;
				CLANG_WARN_NON_LITERAL_NULL_CONVERSION = YES;
				CLANG_WARN_OBJC_IMPLICIT_RETAIN_SELF = YES;
				CLANG_WARN_OBJC_LITERAL_CONVERSION = YES;
				CLANG_WARN_OBJC_ROOT_CLASS = YES_ERROR;
				CLANG_WARN_RANGE_LOOP_ANALYSIS = YES;
				CLANG_WARN_STRICT_PROTOTYPES = YES;
				CLANG_WARN_SUSPICIOUS_MOVE = YES;
				CLANG_WARN_UNGUARDED_AVAILABILITY = YES_AGGRESSIVE;
				CLANG_WARN_UNREACHABLE_CODE = YES;
				CLANG_WARN__DUPLICATE_METHOD_MATCH = YES;
				COPY_PHASE_STRIP = NO;
				DEBUG_INFORMATION_FORMAT = "dwarf-with-dsym";
				ENABLE_NS_ASSERTIONS = NO;
				ENABLE_STRICT_OBJC_MSGSEND = YES;
				GCC_C_LANGUAGE_STANDARD = gnu11;
				GCC_NO_COMMON_BLOCKS = YES;
				GCC_WARN_64_TO_32_BIT_CONVERSION = YES;
				GCC_WARN_ABOUT_RETURN_TYPE = YES_ERROR;
				GCC_WARN_UNDECLARED_SELECTOR = YES;
				GCC_WARN_UNINITIALIZED_AUTOS = YES_AGGRESSIVE;
				GCC_WARN_UNUSED_FUNCTION = YES;
				GCC_WARN_UNUSED_VARIABLE = YES;
				IPHONEOS_DEPLOYMENT_TARGET = 13.2;
				MTL_ENABLE_DEBUG_INFO = NO;
				MTL_FAST_MATH = YES;
				SDKROOT = iphoneos;
				SWIFT_COMPILATION_MODE = wholemodule;
				SWIFT_OPTIMIZATION_LEVEL = "-O";
				VALIDATE_PRODUCT = YES;
			};
			name = Release;
		};
		45DE52BF24D99DAE00FEBC4B /* Debug */ = {
			isa = XCBuildConfiguration;
			buildSettings = {
				ASSETCATALOG_COMPILER_APPICON_NAME = AppIcon;
				CODE_SIGN_STYLE = Automatic;
				INFOPLIST_FILE = Cat/Info.plist;
				LD_RUNPATH_SEARCH_PATHS = (
					"$(inherited)",
					"@executable_path/Frameworks",
				);
				PRODUCT_BUNDLE_IDENTIFIER = com.deebeecodes.cat.Cat;
				PRODUCT_NAME = "$(TARGET_NAME)";
				SWIFT_VERSION = 5.0;
				TARGETED_DEVICE_FAMILY = "1,2";
			};
			name = Debug;
		};
		45DE52C024D99DAE00FEBC4B /* Release */ = {
			isa = XCBuildConfiguration;
			buildSettings = {
				ASSETCATALOG_COMPILER_APPICON_NAME = AppIcon;
				CODE_SIGN_STYLE = Automatic;
				INFOPLIST_FILE = Cat/Info.plist;
				LD_RUNPATH_SEARCH_PATHS = (
					"$(inherited)",
					"@executable_path/Frameworks",
				);
				PRODUCT_BUNDLE_IDENTIFIER = com.deebeecodes.cat.Cat;
				PRODUCT_NAME = "$(TARGET_NAME)";
				SWIFT_VERSION = 5.0;
				TARGETED_DEVICE_FAMILY = "1,2";
			};
			name = Release;
		};
		45DE52C224D99DAE00FEBC4B /* Debug */ = {
			isa = XCBuildConfiguration;
			buildSettings = {
				ALWAYS_EMBED_SWIFT_STANDARD_LIBRARIES = YES;
				BUNDLE_LOADER = "$(TEST_HOST)";
				CODE_SIGN_STYLE = Automatic;
				INFOPLIST_FILE = CatTests/Info.plist;
				IPHONEOS_DEPLOYMENT_TARGET = 13.2;
				LD_RUNPATH_SEARCH_PATHS = (
					"$(inherited)",
					"@executable_path/Frameworks",
					"@loader_path/Frameworks",
				);
				PRODUCT_BUNDLE_IDENTIFIER = com.deebeecodes.cat.CatTests;
				PRODUCT_NAME = "$(TARGET_NAME)";
				SWIFT_VERSION = 5.0;
				TARGETED_DEVICE_FAMILY = "1,2";
				TEST_HOST = "$(BUILT_PRODUCTS_DIR)/Cat.app/Cat";
			};
			name = Debug;
		};
		45DE52C324D99DAE00FEBC4B /* Release */ = {
			isa = XCBuildConfiguration;
			buildSettings = {
				ALWAYS_EMBED_SWIFT_STANDARD_LIBRARIES = YES;
				BUNDLE_LOADER = "$(TEST_HOST)";
				CODE_SIGN_STYLE = Automatic;
				INFOPLIST_FILE = CatTests/Info.plist;
				IPHONEOS_DEPLOYMENT_TARGET = 13.2;
				LD_RUNPATH_SEARCH_PATHS = (
					"$(inherited)",
					"@executable_path/Frameworks",
					"@loader_path/Frameworks",
				);
				PRODUCT_BUNDLE_IDENTIFIER = com.deebeecodes.cat.CatTests;
				PRODUCT_NAME = "$(TARGET_NAME)";
				SWIFT_VERSION = 5.0;
				TARGETED_DEVICE_FAMILY = "1,2";
				TEST_HOST = "$(BUILT_PRODUCTS_DIR)/Cat.app/Cat";
			};
			name = Release;
		};
		45DE52C524D99DAE00FEBC4B /* Debug */ = {
			isa = XCBuildConfiguration;
			buildSettings = {
				ALWAYS_EMBED_SWIFT_STANDARD_LIBRARIES = YES;
				CODE_SIGN_STYLE = Automatic;
				INFOPLIST_FILE = CatUITests/Info.plist;
				LD_RUNPATH_SEARCH_PATHS = (
					"$(inherited)",
					"@executable_path/Frameworks",
					"@loader_path/Frameworks",
				);
				PRODUCT_BUNDLE_IDENTIFIER = com.deebeecodes.cat.CatUITests;
				PRODUCT_NAME = "$(TARGET_NAME)";
				SWIFT_VERSION = 5.0;
				TARGETED_DEVICE_FAMILY = "1,2";
				TEST_TARGET_NAME = Cat;
			};
			name = Debug;
		};
		45DE52C624D99DAE00FEBC4B /* Release */ = {
			isa = XCBuildConfiguration;
			buildSettings = {
				ALWAYS_EMBED_SWIFT_STANDARD_LIBRARIES = YES;
				CODE_SIGN_STYLE = Automatic;
				INFOPLIST_FILE = CatUITests/Info.plist;
				LD_RUNPATH_SEARCH_PATHS = (
					"$(inherited)",
					"@executable_path/Frameworks",
					"@loader_path/Frameworks",
				);
				PRODUCT_BUNDLE_IDENTIFIER = com.deebeecodes.cat.CatUITests;
				PRODUCT_NAME = "$(TARGET_NAME)";
				SWIFT_VERSION = 5.0;
				TARGETED_DEVICE_FAMILY = "1,2";
				TEST_TARGET_NAME = Cat;
			};
			name = Release;
		};
/* End XCBuildConfiguration section */

/* Begin XCConfigurationList section */
		45DE528F24D99DAC00FEBC4B /* Build configuration list for PBXProject "Cat" */ = {
			isa = XCConfigurationList;
			buildConfigurations = (
				45DE52BC24D99DAE00FEBC4B /* Debug */,
				45DE52BD24D99DAE00FEBC4B /* Release */,
			);
			defaultConfigurationIsVisible = 0;
			defaultConfigurationName = Release;
		};
		45DE52BE24D99DAE00FEBC4B /* Build configuration list for PBXNativeTarget "Cat" */ = {
			isa = XCConfigurationList;
			buildConfigurations = (
				45DE52BF24D99DAE00FEBC4B /* Debug */,
				45DE52C024D99DAE00FEBC4B /* Release */,
			);
			defaultConfigurationIsVisible = 0;
			defaultConfigurationName = Release;
		};
		45DE52C124D99DAE00FEBC4B /* Build configuration list for PBXNativeTarget "CatTests" */ = {
			isa = XCConfigurationList;
			buildConfigurations = (
				45DE52C224D99DAE00FEBC4B /* Debug */,
				45DE52C324D99DAE00FEBC4B /* Release */,
			);
			defaultConfigurationIsVisible = 0;
			defaultConfigurationName = Release;
		};
		45DE52C424D99DAE00FEBC4B /* Build configuration list for PBXNativeTarget "CatUITests" */ = {
			isa = XCConfigurationList;
			buildConfigurations = (
				45DE52C524D99DAE00FEBC4B /* Debug */,
				45DE52C624D99DAE00FEBC4B /* Release */,
			);
			defaultConfigurationIsVisible = 0;
			defaultConfigurationName = Release;
		};
/* End XCConfigurationList section */
	};
	rootObject = 45DE528C24D99DAC00FEBC4B /* Project object */;
}
